PODS:
  - Alamofire (5.4.3)
  - Realm (10.7.5):
    - Realm/Headers (= 10.7.5)
  - Realm/Headers (10.7.5)
  - RealmSwift (10.7.5):
    - Realm (= 10.7.5)

DEPENDENCIES:
  - Alamofire (~> 5.4)
  - RealmSwift

SPEC REPOS:
  trunk:
    - Alamofire
    - Realm
    - RealmSwift

SPEC CHECKSUMS:
  Alamofire: e447a2774a40c996748296fa2c55112fdbbc42f9
  Realm: 06f5c67f87cb8c5f27b122218ce22e9a77314517
  RealmSwift: b46535b52e69b9ed33912f0fcb3182ab0a5743ee

PODFILE CHECKSUM: 998a7773f2a717192ea7c2e005fdb9e21b33baf7

COCOAPODS: 1.10.1
