// !$*UTF8*$!
{
	archiveVersion = 1;
	classes = {
	};
	objectVersion = 51;
	objects = {

/* Begin PBXBuildFile section */
		4B4D8F6B2618C80500487063 /* DetailPhotoViewController.swift in Sources */ = {isa = PBXBuildFile; fileRef = 4B4D8F6A2618C80500487063 /* DetailPhotoViewController.swift */; };
		4B4D8F6F2625C1EE00487063 /* CustomPushAnimator.swift in Sources */ = {isa = PBXBuildFile; fileRef = 4B4D8F6E2625C1EE00487063 /* CustomPushAnimator.swift */; };
		4B4D8F722625C79300487063 /* CustomPopAnimator.swift in Sources */ = {isa = PBXBuildFile; fileRef = 4B4D8F712625C79300487063 /* CustomPopAnimator.swift */; };
		4B4D8F752625CAD400487063 /* CustomNavigatorController.swift in Sources */ = {isa = PBXBuildFile; fileRef = 4B4D8F742625CAD400487063 /* CustomNavigatorController.swift */; };
		4B4D8F782625D0A500487063 /* CustomInteractiveTransition.swift in Sources */ = {isa = PBXBuildFile; fileRef = 4B4D8F772625D0A500487063 /* CustomInteractiveTransition.swift */; };
		4B4D8F7B2629CA2400487063 /* Session.swift in Sources */ = {isa = PBXBuildFile; fileRef = 4B4D8F7A2629CA2300487063 /* Session.swift */; };
		4B4D8F82262F061000487063 /* VKAuthViewController.swift in Sources */ = {isa = PBXBuildFile; fileRef = 4B4D8F81262F061000487063 /* VKAuthViewController.swift */; };
		4B4D8F86262F110E00487063 /* NetworkManager.swift in Sources */ = {isa = PBXBuildFile; fileRef = 4B4D8F85262F110E00487063 /* NetworkManager.swift */; };
		4B4D8F892636D22B00487063 /* database_codable.swift in Sources */ = {isa = PBXBuildFile; fileRef = 4B4D8F882636D22A00487063 /* database_codable.swift */; };
		4B4D8F8F2646BEEA00487063 /* URLconverter.swift in Sources */ = {isa = PBXBuildFile; fileRef = 4B4D8F8E2646BEE700487063 /* URLconverter.swift */; };
		4B4E5DBD260B61BE00FB6D07 /* NewsViewController.swift in Sources */ = {isa = PBXBuildFile; fileRef = 4B4E5DBC260B61BE00FB6D07 /* NewsViewController.swift */; };
		4B4E5DC0260B620800FB6D07 /* NewsCell.xib in Resources */ = {isa = PBXBuildFile; fileRef = 4B4E5DBF260B620800FB6D07 /* NewsCell.xib */; };
		4B4E5DC3260B654200FB6D07 /* NewsTableViewCell.swift in Sources */ = {isa = PBXBuildFile; fileRef = 4B4E5DC2260B654200FB6D07 /* NewsTableViewCell.swift */; };
		4BC5368B25EA35D70053B05B /* AppDelegate.swift in Sources */ = {isa = PBXBuildFile; fileRef = 4BC5368A25EA35D70053B05B /* AppDelegate.swift */; };
		4BC5368D25EA35D70053B05B /* SceneDelegate.swift in Sources */ = {isa = PBXBuildFile; fileRef = 4BC5368C25EA35D70053B05B /* SceneDelegate.swift */; };
		4BC5368F25EA35D70053B05B /* LogInScreen.swift in Sources */ = {isa = PBXBuildFile; fileRef = 4BC5368E25EA35D70053B05B /* LogInScreen.swift */; };
		4BC5369225EA35D70053B05B /* Main.storyboard in Resources */ = {isa = PBXBuildFile; fileRef = 4BC5369025EA35D70053B05B /* Main.storyboard */; };
		4BC5369425EA35DC0053B05B /* Assets.xcassets in Resources */ = {isa = PBXBuildFile; fileRef = 4BC5369325EA35DC0053B05B /* Assets.xcassets */; };
		4BC5369725EA35DC0053B05B /* LaunchScreen.storyboard in Resources */ = {isa = PBXBuildFile; fileRef = 4BC5369525EA35DC0053B05B /* LaunchScreen.storyboard */; };
		4BC536A625EE9CD10053B05B /* FriendsViewController.swift in Sources */ = {isa = PBXBuildFile; fileRef = 4BC536A525EE9CD10053B05B /* FriendsViewController.swift */; };
		4BC536B725F539250053B05B /* database.swift in Sources */ = {isa = PBXBuildFile; fileRef = 4BC536B625F539250053B05B /* database.swift */; };
		4BC536BB25F54D790053B05B /* UserTableViewCell.swift in Sources */ = {isa = PBXBuildFile; fileRef = 4BC536BA25F54D790053B05B /* UserTableViewCell.swift */; };
		4BC536C325F9377D0053B05B /* PhotoViewController.swift in Sources */ = {isa = PBXBuildFile; fileRef = 4BC536C225F9377D0053B05B /* PhotoViewController.swift */; };
		4BC536C625F938A10053B05B /* PhotoCollectionViewCell.swift in Sources */ = {isa = PBXBuildFile; fileRef = 4BC536C525F938A10053B05B /* PhotoCollectionViewCell.swift */; };
		4BC536CA25F944C90053B05B /* MyGroupViewController.swift in Sources */ = {isa = PBXBuildFile; fileRef = 4BC536C925F944C90053B05B /* MyGroupViewController.swift */; };
		4BC536D225F94C390053B05B /* GlobalGorupViewController.swift in Sources */ = {isa = PBXBuildFile; fileRef = 4BC536D125F94C390053B05B /* GlobalGorupViewController.swift */; };
		4BC536D726007D3E0053B05B /* RoundedPhoto.swift in Sources */ = {isa = PBXBuildFile; fileRef = 4BC536D626007D3E0053B05B /* RoundedPhoto.swift */; };
		4BC536DA260080CC0053B05B /* ShadowView.swift in Sources */ = {isa = PBXBuildFile; fileRef = 4BC536D9260080CC0053B05B /* ShadowView.swift */; };
		4BC536DD26008C9C0053B05B /* LikesButton.swift in Sources */ = {isa = PBXBuildFile; fileRef = 4BC536DC26008C9C0053B05B /* LikesButton.swift */; };
		F89CAB46063076EBD598A13A /* Pods_VK.framework in Frameworks */ = {isa = PBXBuildFile; fileRef = 7159A10549D690A0805D2D8D /* Pods_VK.framework */; };
/* End PBXBuildFile section */

/* Begin PBXFileReference section */
		33327547B507E2E1C66CF0DD /* Pods-VK.debug.xcconfig */ = {isa = PBXFileReference; includeInIndex = 1; lastKnownFileType = text.xcconfig; name = "Pods-VK.debug.xcconfig"; path = "Target Support Files/Pods-VK/Pods-VK.debug.xcconfig"; sourceTree = "<group>"; };
		4B4D8F6A2618C80500487063 /* DetailPhotoViewController.swift */ = {isa = PBXFileReference; lastKnownFileType = sourcecode.swift; path = DetailPhotoViewController.swift; sourceTree = "<group>"; };
		4B4D8F6E2625C1EE00487063 /* CustomPushAnimator.swift */ = {isa = PBXFileReference; lastKnownFileType = sourcecode.swift; path = CustomPushAnimator.swift; sourceTree = "<group>"; };
		4B4D8F712625C79300487063 /* CustomPopAnimator.swift */ = {isa = PBXFileReference; lastKnownFileType = sourcecode.swift; path = CustomPopAnimator.swift; sourceTree = "<group>"; };
		4B4D8F742625CAD400487063 /* CustomNavigatorController.swift */ = {isa = PBXFileReference; lastKnownFileType = sourcecode.swift; path = CustomNavigatorController.swift; sourceTree = "<group>"; };
		4B4D8F772625D0A500487063 /* CustomInteractiveTransition.swift */ = {isa = PBXFileReference; lastKnownFileType = sourcecode.swift; path = CustomInteractiveTransition.swift; sourceTree = "<group>"; };
		4B4D8F7A2629CA2300487063 /* Session.swift */ = {isa = PBXFileReference; lastKnownFileType = sourcecode.swift; path = Session.swift; sourceTree = "<group>"; };
		4B4D8F81262F061000487063 /* VKAuthViewController.swift */ = {isa = PBXFileReference; lastKnownFileType = sourcecode.swift; path = VKAuthViewController.swift; sourceTree = "<group>"; };
		4B4D8F85262F110E00487063 /* NetworkManager.swift */ = {isa = PBXFileReference; lastKnownFileType = sourcecode.swift; path = NetworkManager.swift; sourceTree = "<group>"; };
		4B4D8F882636D22A00487063 /* database_codable.swift */ = {isa = PBXFileReference; lastKnownFileType = sourcecode.swift; path = database_codable.swift; sourceTree = "<group>"; };
		4B4D8F8E2646BEE700487063 /* URLconverter.swift */ = {isa = PBXFileReference; lastKnownFileType = sourcecode.swift; path = URLconverter.swift; sourceTree = "<group>"; };
		4B4E5DBC260B61BE00FB6D07 /* NewsViewController.swift */ = {isa = PBXFileReference; lastKnownFileType = sourcecode.swift; path = NewsViewController.swift; sourceTree = "<group>"; };
		4B4E5DBF260B620800FB6D07 /* NewsCell.xib */ = {isa = PBXFileReference; lastKnownFileType = file.xib; path = NewsCell.xib; sourceTree = "<group>"; };
		4B4E5DC2260B654200FB6D07 /* NewsTableViewCell.swift */ = {isa = PBXFileReference; lastKnownFileType = sourcecode.swift; path = NewsTableViewCell.swift; sourceTree = "<group>"; };
		4BC5368725EA35D70053B05B /* VK.app */ = {isa = PBXFileReference; explicitFileType = wrapper.application; includeInIndex = 0; path = VK.app; sourceTree = BUILT_PRODUCTS_DIR; };
		4BC5368A25EA35D70053B05B /* AppDelegate.swift */ = {isa = PBXFileReference; lastKnownFileType = sourcecode.swift; path = AppDelegate.swift; sourceTree = "<group>"; };
		4BC5368C25EA35D70053B05B /* SceneDelegate.swift */ = {isa = PBXFileReference; lastKnownFileType = sourcecode.swift; path = SceneDelegate.swift; sourceTree = "<group>"; };
		4BC5368E25EA35D70053B05B /* LogInScreen.swift */ = {isa = PBXFileReference; lastKnownFileType = sourcecode.swift; path = LogInScreen.swift; sourceTree = "<group>"; };
		4BC5369125EA35D70053B05B /* Base */ = {isa = PBXFileReference; lastKnownFileType = file.storyboard; name = Base; path = Base.lproj/Main.storyboard; sourceTree = "<group>"; };
		4BC5369325EA35DC0053B05B /* Assets.xcassets */ = {isa = PBXFileReference; lastKnownFileType = folder.assetcatalog; path = Assets.xcassets; sourceTree = "<group>"; };
		4BC5369625EA35DC0053B05B /* Base */ = {isa = PBXFileReference; lastKnownFileType = file.storyboard; name = Base; path = Base.lproj/LaunchScreen.storyboard; sourceTree = "<group>"; };
		4BC5369825EA35DC0053B05B /* Info.plist */ = {isa = PBXFileReference; lastKnownFileType = text.plist.xml; path = Info.plist; sourceTree = "<group>"; };
		4BC536A525EE9CD10053B05B /* FriendsViewController.swift */ = {isa = PBXFileReference; lastKnownFileType = sourcecode.swift; path = FriendsViewController.swift; sourceTree = "<group>"; };
		4BC536B625F539250053B05B /* database.swift */ = {isa = PBXFileReference; lastKnownFileType = sourcecode.swift; path = database.swift; sourceTree = "<group>"; };
		4BC536BA25F54D790053B05B /* UserTableViewCell.swift */ = {isa = PBXFileReference; lastKnownFileType = sourcecode.swift; path = UserTableViewCell.swift; sourceTree = "<group>"; };
		4BC536C225F9377D0053B05B /* PhotoViewController.swift */ = {isa = PBXFileReference; lastKnownFileType = sourcecode.swift; path = PhotoViewController.swift; sourceTree = "<group>"; };
		4BC536C525F938A10053B05B /* PhotoCollectionViewCell.swift */ = {isa = PBXFileReference; lastKnownFileType = sourcecode.swift; path = PhotoCollectionViewCell.swift; sourceTree = "<group>"; };
		4BC536C925F944C90053B05B /* MyGroupViewController.swift */ = {isa = PBXFileReference; lastKnownFileType = sourcecode.swift; path = MyGroupViewController.swift; sourceTree = "<group>"; };
		4BC536D125F94C390053B05B /* GlobalGorupViewController.swift */ = {isa = PBXFileReference; lastKnownFileType = sourcecode.swift; path = GlobalGorupViewController.swift; sourceTree = "<group>"; };
		4BC536D626007D3E0053B05B /* RoundedPhoto.swift */ = {isa = PBXFileReference; lastKnownFileType = sourcecode.swift; path = RoundedPhoto.swift; sourceTree = "<group>"; };
		4BC536D9260080CC0053B05B /* ShadowView.swift */ = {isa = PBXFileReference; lastKnownFileType = sourcecode.swift; path = ShadowView.swift; sourceTree = "<group>"; };
		4BC536DC26008C9C0053B05B /* LikesButton.swift */ = {isa = PBXFileReference; lastKnownFileType = sourcecode.swift; path = LikesButton.swift; sourceTree = "<group>"; };
		5A77233D5E49309945300B33 /* Pods-VK.release.xcconfig */ = {isa = PBXFileReference; includeInIndex = 1; lastKnownFileType = text.xcconfig; name = "Pods-VK.release.xcconfig"; path = "Target Support Files/Pods-VK/Pods-VK.release.xcconfig"; sourceTree = "<group>"; };
		7159A10549D690A0805D2D8D /* Pods_VK.framework */ = {isa = PBXFileReference; explicitFileType = wrapper.framework; includeInIndex = 0; path = Pods_VK.framework; sourceTree = BUILT_PRODUCTS_DIR; };
/* End PBXFileReference section */

/* Begin PBXFrameworksBuildPhase section */
		4BC5368425EA35D70053B05B /* Frameworks */ = {
			isa = PBXFrameworksBuildPhase;
			buildActionMask = 2147483647;
			files = (
				F89CAB46063076EBD598A13A /* Pods_VK.framework in Frameworks */,
			);
			runOnlyForDeploymentPostprocessing = 0;
		};
/* End PBXFrameworksBuildPhase section */

/* Begin PBXGroup section */
		0C4B8A229D0E8A7C755EF2ED /* Frameworks */ = {
			isa = PBXGroup;
			children = (
				7159A10549D690A0805D2D8D /* Pods_VK.framework */,
			);
			name = Frameworks;
			sourceTree = "<group>";
		};
		482434E8E15004688BD1A4D7 /* Pods */ = {
			isa = PBXGroup;
			children = (
				33327547B507E2E1C66CF0DD /* Pods-VK.debug.xcconfig */,
				5A77233D5E49309945300B33 /* Pods-VK.release.xcconfig */,
			);
			path = Pods;
			sourceTree = "<group>";
		};
		4B4D8F6D2625C1CD00487063 /* transitions */ = {
			isa = PBXGroup;
			children = (
				4B4D8F6E2625C1EE00487063 /* CustomPushAnimator.swift */,
				4B4D8F712625C79300487063 /* CustomPopAnimator.swift */,
				4B4D8F742625CAD400487063 /* CustomNavigatorController.swift */,
				4B4D8F772625D0A500487063 /* CustomInteractiveTransition.swift */,
			);
			path = transitions;
			sourceTree = "<group>";
		};
		4B4E5DBB260B61A000FB6D07 /* News */ = {
			isa = PBXGroup;
			children = (
				4B4E5DBC260B61BE00FB6D07 /* NewsViewController.swift */,
				4B4E5DBF260B620800FB6D07 /* NewsCell.xib */,
				4B4E5DC2260B654200FB6D07 /* NewsTableViewCell.swift */,
			);
			path = News;
			sourceTree = "<group>";
		};
		4BC5367E25EA35D70053B05B = {
			isa = PBXGroup;
			children = (
				4BC5368925EA35D70053B05B /* VK */,
				4BC5368825EA35D70053B05B /* Products */,
				482434E8E15004688BD1A4D7 /* Pods */,
				0C4B8A229D0E8A7C755EF2ED /* Frameworks */,
			);
			sourceTree = "<group>";
		};
		4BC5368825EA35D70053B05B /* Products */ = {
			isa = PBXGroup;
			children = (
				4BC5368725EA35D70053B05B /* VK.app */,
			);
			name = Products;
			sourceTree = "<group>";
		};
		4BC5368925EA35D70053B05B /* VK */ = {
			isa = PBXGroup;
			children = (
				4B4D8F6D2625C1CD00487063 /* transitions */,
				4B4E5DBB260B61A000FB6D07 /* News */,
				4BC536C125F937570053B05B /* New Group */,
				4BC536B525F538F20053B05B /* Model */,
				4BC536A025EE9C3C0053B05B /* Groups */,
				4BC5369F25EE9C310053B05B /* Friends */,
				4BC5368A25EA35D70053B05B /* AppDelegate.swift */,
				4BC5368C25EA35D70053B05B /* SceneDelegate.swift */,
				4BC5368E25EA35D70053B05B /* LogInScreen.swift */,
				4BC5369025EA35D70053B05B /* Main.storyboard */,
				4BC5369325EA35DC0053B05B /* Assets.xcassets */,
				4BC5369525EA35DC0053B05B /* LaunchScreen.storyboard */,
				4BC5369825EA35DC0053B05B /* Info.plist */,
				4BC536D626007D3E0053B05B /* RoundedPhoto.swift */,
				4BC536D9260080CC0053B05B /* ShadowView.swift */,
				4BC536DC26008C9C0053B05B /* LikesButton.swift */,
				4B4D8F7A2629CA2300487063 /* Session.swift */,
				4B4D8F81262F061000487063 /* VKAuthViewController.swift */,
				4B4D8F85262F110E00487063 /* NetworkManager.swift */,
				4B4D8F8E2646BEE700487063 /* URLconverter.swift */,
			);
			path = VK;
			sourceTree = "<group>";
		};
		4BC5369F25EE9C310053B05B /* Friends */ = {
			isa = PBXGroup;
			children = (
				4BC536A525EE9CD10053B05B /* FriendsViewController.swift */,
				4BC536BA25F54D790053B05B /* UserTableViewCell.swift */,
				4BC536C225F9377D0053B05B /* PhotoViewController.swift */,
				4BC536C525F938A10053B05B /* PhotoCollectionViewCell.swift */,
				4B4D8F6A2618C80500487063 /* DetailPhotoViewController.swift */,
			);
			path = Friends;
			sourceTree = "<group>";
		};
		4BC536A025EE9C3C0053B05B /* Groups */ = {
			isa = PBXGroup;
			children = (
				4BC536C925F944C90053B05B /* MyGroupViewController.swift */,
				4BC536D125F94C390053B05B /* GlobalGorupViewController.swift */,
			);
			path = Groups;
			sourceTree = "<group>";
		};
		4BC536B525F538F20053B05B /* Model */ = {
			isa = PBXGroup;
			children = (
				4BC536B625F539250053B05B /* database.swift */,
				4B4D8F882636D22A00487063 /* database_codable.swift */,
			);
			path = Model;
			sourceTree = "<group>";
		};
		4BC536C125F937570053B05B /* New Group */ = {
			isa = PBXGroup;
			children = (
			);
			path = "New Group";
			sourceTree = "<group>";
		};
/* End PBXGroup section */

/* Begin PBXNativeTarget section */
		4BC5368625EA35D70053B05B /* VK */ = {
			isa = PBXNativeTarget;
			buildConfigurationList = 4BC5369B25EA35DC0053B05B /* Build configuration list for PBXNativeTarget "VK" */;
			buildPhases = (
				2DE307DA52AA0AF13293EED1 /* [CP] Check Pods Manifest.lock */,
				4BC5368325EA35D70053B05B /* Sources */,
				4BC5368425EA35D70053B05B /* Frameworks */,
				4BC5368525EA35D70053B05B /* Resources */,
				FDF8A8AFF0E643B308CC6506 /* [CP] Embed Pods Frameworks */,
			);
			buildRules = (
			);
			dependencies = (
			);
			name = VK;
			productName = VK;
			productReference = 4BC5368725EA35D70053B05B /* VK.app */;
			productType = "com.apple.product-type.application";
		};
/* End PBXNativeTarget section */

/* Begin PBXProject section */
		4BC5367F25EA35D70053B05B /* Project object */ = {
			isa = PBXProject;
			attributes = {
				LastSwiftUpdateCheck = 1200;
				LastUpgradeCheck = 1200;
				TargetAttributes = {
					4BC5368625EA35D70053B05B = {
						CreatedOnToolsVersion = 12.0.1;
					};
				};
			};
			buildConfigurationList = 4BC5368225EA35D70053B05B /* Build configuration list for PBXProject "VK" */;
			compatibilityVersion = "Xcode 9.3";
			developmentRegion = en;
			hasScannedForEncodings = 0;
			knownRegions = (
				en,
				Base,
			);
			mainGroup = 4BC5367E25EA35D70053B05B;
			productRefGroup = 4BC5368825EA35D70053B05B /* Products */;
			projectDirPath = "";
			projectRoot = "";
			targets = (
				4BC5368625EA35D70053B05B /* VK */,
			);
		};
/* End PBXProject section */

/* Begin PBXResourcesBuildPhase section */
		4BC5368525EA35D70053B05B /* Resources */ = {
			isa = PBXResourcesBuildPhase;
			buildActionMask = 2147483647;
			files = (
				4BC5369725EA35DC0053B05B /* LaunchScreen.storyboard in Resources */,
				4BC5369425EA35DC0053B05B /* Assets.xcassets in Resources */,
				4B4E5DC0260B620800FB6D07 /* NewsCell.xib in Resources */,
				4BC5369225EA35D70053B05B /* Main.storyboard in Resources */,
			);
			runOnlyForDeploymentPostprocessing = 0;
		};
/* End PBXResourcesBuildPhase section */

/* Begin PBXShellScriptBuildPhase section */
		2DE307DA52AA0AF13293EED1 /* [CP] Check Pods Manifest.lock */ = {
			isa = PBXShellScriptBuildPhase;
			buildActionMask = 2147483647;
			files = (
			);
			inputFileListPaths = (
			);
			inputPaths = (
				"${PODS_PODFILE_DIR_PATH}/Podfile.lock",
				"${PODS_ROOT}/Manifest.lock",
			);
			name = "[CP] Check Pods Manifest.lock";
			outputFileListPaths = (
			);
			outputPaths = (
				"$(DERIVED_FILE_DIR)/Pods-VK-checkManifestLockResult.txt",
			);
			runOnlyForDeploymentPostprocessing = 0;
			shellPath = /bin/sh;
			shellScript = "diff \"${PODS_PODFILE_DIR_PATH}/Podfile.lock\" \"${PODS_ROOT}/Manifest.lock\" > /dev/null\nif [ $? != 0 ] ; then\n    # print error to STDERR\n    echo \"error: The sandbox is not in sync with the Podfile.lock. Run 'pod install' or update your CocoaPods installation.\" >&2\n    exit 1\nfi\n# This output is used by Xcode 'outputs' to avoid re-running this script phase.\necho \"SUCCESS\" > \"${SCRIPT_OUTPUT_FILE_0}\"\n";
			showEnvVarsInLog = 0;
		};
		FDF8A8AFF0E643B308CC6506 /* [CP] Embed Pods Frameworks */ = {
			isa = PBXShellScriptBuildPhase;
			buildActionMask = 2147483647;
			files = (
			);
			inputFileListPaths = (
				"${PODS_ROOT}/Target Support Files/Pods-VK/Pods-VK-frameworks-${CONFIGURATION}-input-files.xcfilelist",
			);
			name = "[CP] Embed Pods Frameworks";
			outputFileListPaths = (
				"${PODS_ROOT}/Target Support Files/Pods-VK/Pods-VK-frameworks-${CONFIGURATION}-output-files.xcfilelist",
			);
			runOnlyForDeploymentPostprocessing = 0;
			shellPath = /bin/sh;
			shellScript = "\"${PODS_ROOT}/Target Support Files/Pods-VK/Pods-VK-frameworks.sh\"\n";
			showEnvVarsInLog = 0;
		};
/* End PBXShellScriptBuildPhase section */

/* Begin PBXSourcesBuildPhase section */
		4BC5368325EA35D70053B05B /* Sources */ = {
			isa = PBXSourcesBuildPhase;
			buildActionMask = 2147483647;
			files = (
				4B4D8F86262F110E00487063 /* NetworkManager.swift in Sources */,
				4BC536DA260080CC0053B05B /* ShadowView.swift in Sources */,
				4BC536D726007D3E0053B05B /* RoundedPhoto.swift in Sources */,
				4B4E5DC3260B654200FB6D07 /* NewsTableViewCell.swift in Sources */,
				4B4D8F722625C79300487063 /* CustomPopAnimator.swift in Sources */,
				4BC536C625F938A10053B05B /* PhotoCollectionViewCell.swift in Sources */,
				4BC536DD26008C9C0053B05B /* LikesButton.swift in Sources */,
				4B4D8F6F2625C1EE00487063 /* CustomPushAnimator.swift in Sources */,
				4BC536D225F94C390053B05B /* GlobalGorupViewController.swift in Sources */,
				4B4D8F782625D0A500487063 /* CustomInteractiveTransition.swift in Sources */,
				4B4D8F6B2618C80500487063 /* DetailPhotoViewController.swift in Sources */,
				4BC536A625EE9CD10053B05B /* FriendsViewController.swift in Sources */,
				4BC5368F25EA35D70053B05B /* LogInScreen.swift in Sources */,
				4BC5368B25EA35D70053B05B /* AppDelegate.swift in Sources */,
				4B4D8F82262F061000487063 /* VKAuthViewController.swift in Sources */,
				4BC536BB25F54D790053B05B /* UserTableViewCell.swift in Sources */,
				4B4D8F8F2646BEEA00487063 /* URLconverter.swift in Sources */,
				4BC536C325F9377D0053B05B /* PhotoViewController.swift in Sources */,
				4BC5368D25EA35D70053B05B /* SceneDelegate.swift in Sources */,
				4B4D8F7B2629CA2400487063 /* Session.swift in Sources */,
				4B4D8F752625CAD400487063 /* CustomNavigatorController.swift in Sources */,
				4B4E5DBD260B61BE00FB6D07 /* NewsViewController.swift in Sources */,
				4BC536CA25F944C90053B05B /* MyGroupViewController.swift in Sources */,
				4BC536B725F539250053B05B /* database.swift in Sources */,
				4B4D8F892636D22B00487063 /* database_codable.swift in Sources */,
			);
			runOnlyForDeploymentPostprocessing = 0;
		};
/* End PBXSourcesBuildPhase section */

/* Begin PBXVariantGroup section */
		4BC5369025EA35D70053B05B /* Main.storyboard */ = {
			isa = PBXVariantGroup;
			children = (
				4BC5369125EA35D70053B05B /* Base */,
			);
			name = Main.storyboard;
			sourceTree = "<group>";
		};
		4BC5369525EA35DC0053B05B /* LaunchScreen.storyboard */ = {
			isa = PBXVariantGroup;
			children = (
				4BC5369625EA35DC0053B05B /* Base */,
			);
			name = LaunchScreen.storyboard;
			sourceTree = "<group>";
		};
/* End PBXVariantGroup section */

/* Begin XCBuildConfiguration section */
		4BC5369925EA35DC0053B05B /* Debug */ = {
			isa = XCBuildConfiguration;
			buildSettings = {
				ALWAYS_SEARCH_USER_PATHS = NO;
				CLANG_ANALYZER_NONNULL = YES;
				CLANG_ANALYZER_NUMBER_OBJECT_CONVERSION = YES_AGGRESSIVE;
				CLANG_CXX_LANGUAGE_STANDARD = "gnu++14";
				CLANG_CXX_LIBRARY = "libc++";
				CLANG_ENABLE_MODULES = YES;
				CLANG_ENABLE_OBJC_ARC = YES;
				CLANG_ENABLE_OBJC_WEAK = YES;
				CLANG_WARN_BLOCK_CAPTURE_AUTORELEASING = YES;
				CLANG_WARN_BOOL_CONVERSION = YES;
				CLANG_WARN_COMMA = YES;
				CLANG_WARN_CONSTANT_CONVERSION = YES;
				CLANG_WARN_DEPRECATED_OBJC_IMPLEMENTATIONS = YES;
				CLANG_WARN_DIRECT_OBJC_ISA_USAGE = YES_ERROR;
				CLANG_WARN_DOCUMENTATION_COMMENTS = YES;
				CLANG_WARN_EMPTY_BODY = YES;
				CLANG_WARN_ENUM_CONVERSION = YES;
				CLANG_WARN_INFINITE_RECURSION = YES;
				CLANG_WARN_INT_CONVERSION = YES;
				CLANG_WARN_NON_LITERAL_NULL_CONVERSION = YES;
				CLANG_WARN_OBJC_IMPLICIT_RETAIN_SELF = YES;
				CLANG_WARN_OBJC_LITERAL_CONVERSION = YES;
				CLANG_WARN_OBJC_ROOT_CLASS = YES_ERROR;
				CLANG_WARN_QUOTED_INCLUDE_IN_FRAMEWORK_HEADER = YES;
				CLANG_WARN_RANGE_LOOP_ANALYSIS = YES;
				CLANG_WARN_STRICT_PROTOTYPES = YES;
				CLANG_WARN_SUSPICIOUS_MOVE = YES;
				CLANG_WARN_UNGUARDED_AVAILABILITY = YES_AGGRESSIVE;
				CLANG_WARN_UNREACHABLE_CODE = YES;
				CLANG_WARN__DUPLICATE_METHOD_MATCH = YES;
				COPY_PHASE_STRIP = NO;
				DEBUG_INFORMATION_FORMAT = dwarf;
				ENABLE_STRICT_OBJC_MSGSEND = YES;
				ENABLE_TESTABILITY = YES;
				GCC_C_LANGUAGE_STANDARD = gnu11;
				GCC_DYNAMIC_NO_PIC = NO;
				GCC_NO_COMMON_BLOCKS = YES;
				GCC_OPTIMIZATION_LEVEL = 0;
				GCC_PREPROCESSOR_DEFINITIONS = (
					"DEBUG=1",
					"$(inherited)",
				);
				GCC_WARN_64_TO_32_BIT_CONVERSION = YES;
				GCC_WARN_ABOUT_RETURN_TYPE = YES_ERROR;
				GCC_WARN_UNDECLARED_SELECTOR = YES;
				GCC_WARN_UNINITIALIZED_AUTOS = YES_AGGRESSIVE;
				GCC_WARN_UNUSED_FUNCTION = YES;
				GCC_WARN_UNUSED_VARIABLE = YES;
				IPHONEOS_DEPLOYMENT_TARGET = 14.0;
				MTL_ENABLE_DEBUG_INFO = INCLUDE_SOURCE;
				MTL_FAST_MATH = YES;
				NEW_SETTING = "";
				ONLY_ACTIVE_ARCH = YES;
				SDKROOT = iphoneos;
				SWIFT_ACTIVE_COMPILATION_CONDITIONS = DEBUG;
				SWIFT_OPTIMIZATION_LEVEL = "-Onone";
			};
			name = Debug;
		};
		4BC5369A25EA35DC0053B05B /* Release */ = {
			isa = XCBuildConfiguration;
			buildSettings = {
				ALWAYS_SEARCH_USER_PATHS = NO;
				CLANG_ANALYZER_NONNULL = YES;
				CLANG_ANALYZER_NUMBER_OBJECT_CONVERSION = YES_AGGRESSIVE;
				CLANG_CXX_LANGUAGE_STANDARD = "gnu++14";
				CLANG_CXX_LIBRARY = "libc++";
				CLANG_ENABLE_MODULES = YES;
				CLANG_ENABLE_OBJC_ARC = YES;
				CLANG_ENABLE_OBJC_WEAK = YES;
				CLANG_WARN_BLOCK_CAPTURE_AUTORELEASING = YES;
				CLANG_WARN_BOOL_CONVERSION = YES;
				CLANG_WARN_COMMA = YES;
				CLANG_WARN_CONSTANT_CONVERSION = YES;
				CLANG_WARN_DEPRECATED_OBJC_IMPLEMENTATIONS = YES;
				CLANG_WARN_DIRECT_OBJC_ISA_USAGE = YES_ERROR;
				CLANG_WARN_DOCUMENTATION_COMMENTS = YES;
				CLANG_WARN_EMPTY_BODY = YES;
				CLANG_WARN_ENUM_CONVERSION = YES;
				CLANG_WARN_INFINITE_RECURSION = YES;
				CLANG_WARN_INT_CONVERSION = YES;
				CLANG_WARN_NON_LITERAL_NULL_CONVERSION = YES;
				CLANG_WARN_OBJC_IMPLICIT_RETAIN_SELF = YES;
				CLANG_WARN_OBJC_LITERAL_CONVERSION = YES;
				CLANG_WARN_OBJC_ROOT_CLASS = YES_ERROR;
				CLANG_WARN_QUOTED_INCLUDE_IN_FRAMEWORK_HEADER = YES;
				CLANG_WARN_RANGE_LOOP_ANALYSIS = YES;
				CLANG_WARN_STRICT_PROTOTYPES = YES;
				CLANG_WARN_SUSPICIOUS_MOVE = YES;
				CLANG_WARN_UNGUARDED_AVAILABILITY = YES_AGGRESSIVE;
				CLANG_WARN_UNREACHABLE_CODE = YES;
				CLANG_WARN__DUPLICATE_METHOD_MATCH = YES;
				COPY_PHASE_STRIP = NO;
				DEBUG_INFORMATION_FORMAT = "dwarf-with-dsym";
				ENABLE_NS_ASSERTIONS = NO;
				ENABLE_STRICT_OBJC_MSGSEND = YES;
				GCC_C_LANGUAGE_STANDARD = gnu11;
				GCC_NO_COMMON_BLOCKS = YES;
				GCC_WARN_64_TO_32_BIT_CONVERSION = YES;
				GCC_WARN_ABOUT_RETURN_TYPE = YES_ERROR;
				GCC_WARN_UNDECLARED_SELECTOR = YES;
				GCC_WARN_UNINITIALIZED_AUTOS = YES_AGGRESSIVE;
				GCC_WARN_UNUSED_FUNCTION = YES;
				GCC_WARN_UNUSED_VARIABLE = YES;
				IPHONEOS_DEPLOYMENT_TARGET = 14.0;
				MTL_ENABLE_DEBUG_INFO = NO;
				MTL_FAST_MATH = YES;
				NEW_SETTING = "";
				SDKROOT = iphoneos;
				SWIFT_COMPILATION_MODE = wholemodule;
				SWIFT_OPTIMIZATION_LEVEL = "-O";
				VALIDATE_PRODUCT = YES;
			};
			name = Release;
		};
		4BC5369C25EA35DC0053B05B /* Debug */ = {
			isa = XCBuildConfiguration;
			baseConfigurationReference = 33327547B507E2E1C66CF0DD /* Pods-VK.debug.xcconfig */;
			buildSettings = {
				ASSETCATALOG_COMPILER_APPICON_NAME = AppIcon;
				ASSETCATALOG_COMPILER_GLOBAL_ACCENT_COLOR_NAME = AccentColor;
				CODE_SIGN_STYLE = Automatic;
				DEVELOPMENT_TEAM = N68H75HU58;
				INFOPLIST_FILE = VK/Info.plist;
				LD_RUNPATH_SEARCH_PATHS = (
					"$(inherited)",
					"@executable_path/Frameworks",
				);
				PRODUCT_BUNDLE_IDENTIFIER = com.Ualexeyv.VK;
				PRODUCT_NAME = "$(TARGET_NAME)";
				SWIFT_VERSION = 5.0;
				TARGETED_DEVICE_FAMILY = "1,2";
			};
			name = Debug;
		};
		4BC5369D25EA35DC0053B05B /* Release */ = {
			isa = XCBuildConfiguration;
			baseConfigurationReference = 5A77233D5E49309945300B33 /* Pods-VK.release.xcconfig */;
			buildSettings = {
				ASSETCATALOG_COMPILER_APPICON_NAME = AppIcon;
				ASSETCATALOG_COMPILER_GLOBAL_ACCENT_COLOR_NAME = AccentColor;
				CODE_SIGN_STYLE = Automatic;
				DEVELOPMENT_TEAM = N68H75HU58;
				INFOPLIST_FILE = VK/Info.plist;
				LD_RUNPATH_SEARCH_PATHS = (
					"$(inherited)",
					"@executable_path/Frameworks",
				);
				PRODUCT_BUNDLE_IDENTIFIER = com.Ualexeyv.VK;
				PRODUCT_NAME = "$(TARGET_NAME)";
				SWIFT_VERSION = 5.0;
				TARGETED_DEVICE_FAMILY = "1,2";
			};
			name = Release;
		};
/* End XCBuildConfiguration section */

/* Begin XCConfigurationList section */
		4BC5368225EA35D70053B05B /* Build configuration list for PBXProject "VK" */ = {
			isa = XCConfigurationList;
			buildConfigurations = (
				4BC5369925EA35DC0053B05B /* Debug */,
				4BC5369A25EA35DC0053B05B /* Release */,
			);
			defaultConfigurationIsVisible = 0;
			defaultConfigurationName = Release;
		};
		4BC5369B25EA35DC0053B05B /* Build configuration list for PBXNativeTarget "VK" */ = {
			isa = XCConfigurationList;
			buildConfigurations = (
				4BC5369C25EA35DC0053B05B /* Debug */,
				4BC5369D25EA35DC0053B05B /* Release */,
			);
			defaultConfigurationIsVisible = 0;
			defaultConfigurationName = Release;
		};
/* End XCConfigurationList section */
	};
	rootObject = 4BC5367F25EA35D70053B05B /* Project object */;
}
